dependencies:
- name: common
  repository: https://charts.bitnami.com/bitnami/
  version: 1.16.1
- name: mongodb
  repository: https://charts.bitnami.com/bitnami/
  version: 13.8.1
digest: sha256:b599a398517256c146065afd6f5d8969be39eafe6adceff2cab1f2fed96ed4cf
generated: "2023-02-26T01:10:45.792011937Z"
