dependencies:
- name: common
  repository: https://charts.bitnami.com/bitnami/
  version: 1.16.1
- name: mariadb
  repository: https://charts.bitnami.com/bitnami/
  version: 11.5.0
- name: postgresql
  repository: https://charts.bitnami.com/bitnami/
  version: 12.1.15
digest: sha256:618f2cee0232a5edfbaf2e895d06ef8f232f26724cb85fa4f1dfcce6b03eabcc
generated: "2023-02-26T01:10:06.339726841Z"
