dependencies:
- name: common
  repository: https://charts.bitnami.com/bitnami/
  version: 1.16.1
- name: mariadb
  repository: https://charts.bitnami.com/bitnami/
  version: 11.4.7
- name: postgresql
  repository: https://charts.bitnami.com/bitnami/
  version: 12.2.1
digest: sha256:9fe2fce5c8c00492033ba5a5809e5da3b9a2974e47ccb78dbb77eccfd555ca48
generated: "2023-02-19T02:48:44.158686373Z"
