dependencies:
- name: common
  repository: https://charts.bitnami.com/bitnami/
  version: 2.2.3
- name: mariadb
  repository: https://charts.bitnami.com/bitnami/
  version: 11.4.7
digest: sha256:8530d119c328caa14a4855bb0694213b2a6166649ca1a84b448c7a411f2a7a8f
generated: "2023-02-19T02:50:42.032955563Z"
