dependencies:
- name: common
  repository: https://charts.bitnami.com/bitnami/
  version: 1.16.1
- name: mariadb
  repository: https://charts.bitnami.com/bitnami/
  version: 11.5.0
digest: sha256:474f5dcfc9cd50dced6f0f35caf6adf9593b34cea007c5e31f4fcab0a3556f07
generated: "2023-02-26T01:10:20.517339735Z"
