dependencies:
- name: common
  repository: https://charts.bitnami.com/bitnami/
  version: 1.17.1
- name: mariadb
  repository: https://charts.bitnami.com/bitnami/
  version: 11.4.7
digest: sha256:bd1a28f48deb0b573dcce1abdb6ac611b9f8d46d4ab335b9bd40461bdd2f106a
generated: "2023-02-19T02:48:19.675606199Z"
